
Microsoft Visual Studio Solution File, Format Version 12.00
# Visual Studio Version 17
VisualStudioVersion = 17.0.31903.59
MinimumVisualStudioVersion = 10.0.40219.1
Project("{FAE04EC0-301F-11D3-BF4B-00C04F79EFBC}") = "Anvil.Permissions", "Anvil.Permissions\Anvil.Permissions.csproj", "{A894E424-9EF4-466F-B1AB-00B91F6B4225}"
EndProject
Project("{FAE04EC0-301F-11D3-BF4B-00C04F79EFBC}") = "Anvil.Audit", "Anvil.Audit\Anvil.Audit.csproj", "{61C525C1-8BAB-4745-A400-5F6FF971CD1F}"
EndProject
Project("{FAE04EC0-301F-11D3-BF4B-00C04F79EFBC}") = "Anvil.ChatControl", "Anvil.ChatControl\Anvil.ChatControl.csproj", "{6AFB603C-1CE3-4663-B611-3918B96EFD06}"
EndProject
Project("{FAE04EC0-301F-11D3-BF4B-00C04F79EFBC}") = "Anvil.Regions", "Anvil.Regions\Anvil.Regions.csproj", "{615F5BEC-CC4B-4560-B361-93AE1BA4945E}"
EndProject
Global
	GlobalSection(SolutionConfigurationPlatforms) = preSolution
		Debug|Any CPU = Debug|Any CPU
		Debug|x64 = Debug|x64
		Debug|x86 = Debug|x86
		Release|Any CPU = Release|Any CPU
		Release|x64 = Release|x64
		Release|x86 = Release|x86
	EndGlobalSection
	GlobalSection(ProjectConfigurationPlatforms) = postSolution
		{A894E424-9EF4-466F-B1AB-00B91F6B4225}.Debug|Any CPU.ActiveCfg = Debug|Any CPU
		{A894E424-9EF4-466F-B1AB-00B91F6B4225}.Debug|Any CPU.Build.0 = Debug|Any CPU
		{A894E424-9EF4-466F-B1AB-00B91F6B4225}.Debug|x64.ActiveCfg = Debug|Any CPU
		{A894E424-9EF4-466F-B1AB-00B91F6B4225}.Debug|x64.Build.0 = Debug|Any CPU
		{A894E424-9EF4-466F-B1AB-00B91F6B4225}.Debug|x86.ActiveCfg = Debug|Any CPU
		{A894E424-9EF4-466F-B1AB-00B91F6B4225}.Debug|x86.Build.0 = Debug|Any CPU
		{A894E424-9EF4-466F-B1AB-00B91F6B4225}.Release|Any CPU.ActiveCfg = Release|Any CPU
		{A894E424-9EF4-466F-B1AB-00B91F6B4225}.Release|Any CPU.Build.0 = Release|Any CPU
		{A894E424-9EF4-466F-B1AB-00B91F6B4225}.Release|x64.ActiveCfg = Release|Any CPU
		{A894E424-9EF4-466F-B1AB-00B91F6B4225}.Release|x64.Build.0 = Release|Any CPU
		{A894E424-9EF4-466F-B1AB-00B91F6B4225}.Release|x86.ActiveCfg = Release|Any CPU
		{A894E424-9EF4-466F-B1AB-00B91F6B4225}.Release|x86.Build.0 = Release|Any CPU
		{61C525C1-8BAB-4745-A400-5F6FF971CD1F}.Debug|Any CPU.ActiveCfg = Debug|Any CPU
		{61C525C1-8BAB-4745-A400-5F6FF971CD1F}.Debug|Any CPU.Build.0 = Debug|Any CPU
		{61C525C1-8BAB-4745-A400-5F6FF971CD1F}.Debug|x64.ActiveCfg = Debug|Any CPU
		{61C525C1-8BAB-4745-A400-5F6FF971CD1F}.Debug|x64.Build.0 = Debug|Any CPU
		{61C525C1-8BAB-4745-A400-5F6FF971CD1F}.Debug|x86.ActiveCfg = Debug|Any CPU
		{61C525C1-8BAB-4745-A400-5F6FF971CD1F}.Debug|x86.Build.0 = Debug|Any CPU
		{61C525C1-8BAB-4745-A400-5F6FF971CD1F}.Release|Any CPU.ActiveCfg = Release|Any CPU
		{61C525C1-8BAB-4745-A400-5F6FF971CD1F}.Release|Any CPU.Build.0 = Release|Any CPU
		{61C525C1-8BAB-4745-A400-5F6FF971CD1F}.Release|x64.ActiveCfg = Release|Any CPU
		{61C525C1-8BAB-4745-A400-5F6FF971CD1F}.Release|x64.Build.0 = Release|Any CPU
		{61C525C1-8BAB-4745-A400-5F6FF971CD1F}.Release|x86.ActiveCfg = Release|Any CPU
		{61C525C1-8BAB-4745-A400-5F6FF971CD1F}.Release|x86.Build.0 = Release|Any CPU
		{6AFB603C-1CE3-4663-B611-3918B96EFD06}.Debug|Any CPU.ActiveCfg = Debug|Any CPU
		{6AFB603C-1CE3-4663-B611-3918B96EFD06}.Debug|Any CPU.Build.0 = Debug|Any CPU
		{6AFB603C-1CE3-4663-B611-3918B96EFD06}.Debug|x64.ActiveCfg = Debug|Any CPU
		{6AFB603C-1CE3-4663-B611-3918B96EFD06}.Debug|x64.Build.0 = Debug|Any CPU
		{6AFB603C-1CE3-4663-B611-3918B96EFD06}.Debug|x86.ActiveCfg = Debug|Any CPU
		{6AFB603C-1CE3-4663-B611-3918B96EFD06}.Debug|x86.Build.0 = Debug|Any CPU
		{6AFB603C-1CE3-4663-B611-3918B96EFD06}.Release|Any CPU.ActiveCfg = Release|Any CPU
		{6AFB603C-1CE3-4663-B611-3918B96EFD06}.Release|Any CPU.Build.0 = Release|Any CPU
		{6AFB603C-1CE3-4663-B611-3918B96EFD06}.Release|x64.ActiveCfg = Release|Any CPU
		{6AFB603C-1CE3-4663-B611-3918B96EFD06}.Release|x64.Build.0 = Release|Any CPU
		{6AFB603C-1CE3-4663-B611-3918B96EFD06}.Release|x86.ActiveCfg = Release|Any CPU
		{6AFB603C-1CE3-4663-B611-3918B96EFD06}.Release|x86.Build.0 = Release|Any CPU
		{615F5BEC-CC4B-4560-B361-93AE1BA4945E}.Debug|Any CPU.ActiveCfg = Debug|Any CPU
		{615F5BEC-CC4B-4560-B361-93AE1BA4945E}.Debug|Any CPU.Build.0 = Debug|Any CPU
		{615F5BEC-CC4B-4560-B361-93AE1BA4945E}.Debug|x64.ActiveCfg = Debug|Any CPU
		{615F5BEC-CC4B-4560-B361-93AE1BA4945E}.Debug|x64.Build.0 = Debug|Any CPU
		{615F5BEC-CC4B-4560-B361-93AE1BA4945E}.Debug|x86.ActiveCfg = Debug|Any CPU
		{615F5BEC-CC4B-4560-B361-93AE1BA4945E}.Debug|x86.Build.0 = Debug|Any CPU
		{615F5BEC-CC4B-4560-B361-93AE1BA4945E}.Release|Any CPU.ActiveCfg = Release|Any CPU
		{615F5BEC-CC4B-4560-B361-93AE1BA4945E}.Release|Any CPU.Build.0 = Release|Any CPU
		{615F5BEC-CC4B-4560-B361-93AE1BA4945E}.Release|x64.ActiveCfg = Release|Any CPU
		{615F5BEC-CC4B-4560-B361-93AE1BA4945E}.Release|x64.Build.0 = Release|Any CPU
		{615F5BEC-CC4B-4560-B361-93AE1BA4945E}.Release|x86.ActiveCfg = Release|Any CPU
		{615F5BEC-CC4B-4560-B361-93AE1BA4945E}.Release|x86.Build.0 = Release|Any CPU
	EndGlobalSection
	GlobalSection(SolutionProperties) = preSolution
		HideSolutionNode = FALSE
	EndGlobalSection
EndGlobal
